
Microsoft Visual Studio Solution File, Format Version 12.00
# Visual Studio Version 16
VisualStudioVersion = 25.0.1704.4
MinimumVisualStudioVersion = 10.0.40219.1
Project("{FAE04EC0-301F-11D3-BF4B-00C04F79EFBC}") = "InClass_2_2_Salart", "InClass_2_2_Salart\InClass_2_2_Salart.csproj", "{3008E229-A894-4A67-BF9C-9C3C45E0ECC8}"
EndProject
Project("{FAE04EC0-301F-11D3-BF4B-00C04F79EFBC}") = "TestSalary", "TestSalary\TestSalary.csproj", "{60CE588E-18A2-45A7-B0CF-8B242CB10A13}"
EndProject
Global
	GlobalSection(SolutionConfigurationPlatforms) = preSolution
		Debug|Any CPU = Debug|Any CPU
		Release|Any CPU = Release|Any CPU
	EndGlobalSection
	GlobalSection(ProjectConfigurationPlatforms) = postSolution
		{3008E229-A894-4A67-BF9C-9C3C45E0ECC8}.Debug|Any CPU.ActiveCfg = Debug|Any CPU
		{3008E229-A894-4A67-BF9C-9C3C45E0ECC8}.Debug|Any CPU.Build.0 = Debug|Any CPU
		{3008E229-A894-4A67-BF9C-9C3C45E0ECC8}.Release|Any CPU.ActiveCfg = Release|Any CPU
		{3008E229-A894-4A67-BF9C-9C3C45E0ECC8}.Release|Any CPU.Build.0 = Release|Any CPU
		{60CE588E-18A2-45A7-B0CF-8B242CB10A13}.Debug|Any CPU.ActiveCfg = Debug|Any CPU
		{60CE588E-18A2-45A7-B0CF-8B242CB10A13}.Debug|Any CPU.Build.0 = Debug|Any CPU
		{60CE588E-18A2-45A7-B0CF-8B242CB10A13}.Release|Any CPU.ActiveCfg = Release|Any CPU
		{60CE588E-18A2-45A7-B0CF-8B242CB10A13}.Release|Any CPU.Build.0 = Release|Any CPU
	EndGlobalSection
	GlobalSection(SolutionProperties) = preSolution
		HideSolutionNode = FALSE
	EndGlobalSection
	GlobalSection(ExtensibilityGlobals) = postSolution
		SolutionGuid = {8B036972-4099-41EF-BBDE-23C09452D796}
	EndGlobalSection
EndGlobal
