
Microsoft Visual Studio Solution File, Format Version 12.00
# Visual Studio Version 16
VisualStudioVersion = 25.0.1705.4
MinimumVisualStudioVersion = 10.0.40219.1
Project("{FAE04EC0-301F-11D3-BF4B-00C04F79EFBC}") = "Final Exam API", "Final Exam API\Final Exam API.csproj", "{46A69F78-06AD-445B-8BEF-D6B62A74A1D7}"
EndProject
Global
	GlobalSection(SolutionConfigurationPlatforms) = preSolution
		Debug|Any CPU = Debug|Any CPU
		Release|Any CPU = Release|Any CPU
	EndGlobalSection
	GlobalSection(ProjectConfigurationPlatforms) = postSolution
		{46A69F78-06AD-445B-8BEF-D6B62A74A1D7}.Debug|Any CPU.ActiveCfg = Debug|Any CPU
		{46A69F78-06AD-445B-8BEF-D6B62A74A1D7}.Debug|Any CPU.Build.0 = Debug|Any CPU
		{46A69F78-06AD-445B-8BEF-D6B62A74A1D7}.Release|Any CPU.ActiveCfg = Release|Any CPU
		{46A69F78-06AD-445B-8BEF-D6B62A74A1D7}.Release|Any CPU.Build.0 = Release|Any CPU
	EndGlobalSection
	GlobalSection(SolutionProperties) = preSolution
		HideSolutionNode = FALSE
	EndGlobalSection
	GlobalSection(ExtensibilityGlobals) = postSolution
		SolutionGuid = {5898FF9A-475A-40E5-8F2A-6D7B4B046CF4}
	EndGlobalSection
EndGlobal
