
Microsoft Visual Studio Solution File, Format Version 12.00
# Visual Studio Version 16
VisualStudioVersion = 25.0.1705.2
MinimumVisualStudioVersion = 10.0.40219.1
Project("{FAE04EC0-301F-11D3-BF4B-00C04F79EFBC}") = "InClassMovieAPI_3_23", "InClassMovieAPI_3_23\InClassMovieAPI_3_23.csproj", "{4871A42E-2774-4C9D-BCD3-991A3B372A5C}"
EndProject
Global
	GlobalSection(SolutionConfigurationPlatforms) = preSolution
		Debug|Any CPU = Debug|Any CPU
		Release|Any CPU = Release|Any CPU
	EndGlobalSection
	GlobalSection(ProjectConfigurationPlatforms) = postSolution
		{4871A42E-2774-4C9D-BCD3-991A3B372A5C}.Debug|Any CPU.ActiveCfg = Debug|Any CPU
		{4871A42E-2774-4C9D-BCD3-991A3B372A5C}.Debug|Any CPU.Build.0 = Debug|Any CPU
		{4871A42E-2774-4C9D-BCD3-991A3B372A5C}.Release|Any CPU.ActiveCfg = Release|Any CPU
		{4871A42E-2774-4C9D-BCD3-991A3B372A5C}.Release|Any CPU.Build.0 = Release|Any CPU
	EndGlobalSection
	GlobalSection(SolutionProperties) = preSolution
		HideSolutionNode = FALSE
	EndGlobalSection
	GlobalSection(ExtensibilityGlobals) = postSolution
		SolutionGuid = {063C7841-1C1C-4031-9279-2767E44C4522}
	EndGlobalSection
EndGlobal
