
Microsoft Visual Studio Solution File, Format Version 12.00
# Visual Studio Version 16
VisualStudioVersion = 25.0.1704.4
MinimumVisualStudioVersion = 10.0.40219.1
Project("{FAE04EC0-301F-11D3-BF4B-00C04F79EFBC}") = "PhoneNumberChecker", "PhoneNumberChecker\PhoneNumberChecker.csproj", "{B1065C17-9A99-412F-9EC7-DF5538277838}"
EndProject
Project("{FAE04EC0-301F-11D3-BF4B-00C04F79EFBC}") = "PhoneNumberTests", "PhoneNumberTests\PhoneNumberTests.csproj", "{E574F11E-87ED-4CA8-86EF-6B231E77F610}"
EndProject
Project("{2150E333-8FDC-42A3-9474-1A3956D46DE8}") = "Solution Items", "Solution Items", "{744145B5-E50D-4DD6-B62A-A935AF6117FC}"
EndProject
Global
	GlobalSection(SolutionConfigurationPlatforms) = preSolution
		Debug|Any CPU = Debug|Any CPU
		Release|Any CPU = Release|Any CPU
	EndGlobalSection
	GlobalSection(ProjectConfigurationPlatforms) = postSolution
		{B1065C17-9A99-412F-9EC7-DF5538277838}.Debug|Any CPU.ActiveCfg = Debug|Any CPU
		{B1065C17-9A99-412F-9EC7-DF5538277838}.Debug|Any CPU.Build.0 = Debug|Any CPU
		{B1065C17-9A99-412F-9EC7-DF5538277838}.Release|Any CPU.ActiveCfg = Release|Any CPU
		{B1065C17-9A99-412F-9EC7-DF5538277838}.Release|Any CPU.Build.0 = Release|Any CPU
		{E574F11E-87ED-4CA8-86EF-6B231E77F610}.Debug|Any CPU.ActiveCfg = Debug|Any CPU
		{E574F11E-87ED-4CA8-86EF-6B231E77F610}.Debug|Any CPU.Build.0 = Debug|Any CPU
		{E574F11E-87ED-4CA8-86EF-6B231E77F610}.Release|Any CPU.ActiveCfg = Release|Any CPU
		{E574F11E-87ED-4CA8-86EF-6B231E77F610}.Release|Any CPU.Build.0 = Release|Any CPU
	EndGlobalSection
	GlobalSection(SolutionProperties) = preSolution
		HideSolutionNode = FALSE
	EndGlobalSection
	GlobalSection(ExtensibilityGlobals) = postSolution
		SolutionGuid = {A0E5702E-DEB0-488B-B8C8-99969775A88B}
	EndGlobalSection
EndGlobal
