
Microsoft Visual Studio Solution File, Format Version 12.00
# Visual Studio Version 16
VisualStudioVersion = 25.0.1705.0
MinimumVisualStudioVersion = 10.0.40219.1
Project("{FAE04EC0-301F-11D3-BF4B-00C04F79EFBC}") = "WebAPI_InClass_3_21", "WebAPI_InClass_3_21\WebAPI_InClass_3_21.csproj", "{F8F31FC2-3FD1-434F-BFCA-D1C66D723F32}"
EndProject
Global
	GlobalSection(SolutionConfigurationPlatforms) = preSolution
		Debug|Any CPU = Debug|Any CPU
		Release|Any CPU = Release|Any CPU
	EndGlobalSection
	GlobalSection(ProjectConfigurationPlatforms) = postSolution
		{F8F31FC2-3FD1-434F-BFCA-D1C66D723F32}.Debug|Any CPU.ActiveCfg = Debug|Any CPU
		{F8F31FC2-3FD1-434F-BFCA-D1C66D723F32}.Debug|Any CPU.Build.0 = Debug|Any CPU
		{F8F31FC2-3FD1-434F-BFCA-D1C66D723F32}.Release|Any CPU.ActiveCfg = Release|Any CPU
		{F8F31FC2-3FD1-434F-BFCA-D1C66D723F32}.Release|Any CPU.Build.0 = Release|Any CPU
	EndGlobalSection
	GlobalSection(SolutionProperties) = preSolution
		HideSolutionNode = FALSE
	EndGlobalSection
	GlobalSection(ExtensibilityGlobals) = postSolution
		SolutionGuid = {CF1483FC-8C0E-48E2-A2F6-4D13385C3CF4}
	EndGlobalSection
EndGlobal
