
Microsoft Visual Studio Solution File, Format Version 12.00
# Visual Studio Version 16
VisualStudioVersion = 25.0.1704.2
MinimumVisualStudioVersion = 10.0.40219.1
Project("{FAE04EC0-301F-11D3-BF4B-00C04F79EFBC}") = "InClass_11_17", "InClass_11_17\InClass_11_17.csproj", "{69E2F95C-F3B2-472A-AEA8-D4E7A6EBA4B8}"
EndProject
Project("{FAE04EC0-301F-11D3-BF4B-00C04F79EFBC}") = "TestBook", "TestBook\TestBook.csproj", "{44325156-B627-46EA-9DB5-7B8BB9DA140C}"
EndProject
Global
	GlobalSection(SolutionConfigurationPlatforms) = preSolution
		Debug|Any CPU = Debug|Any CPU
		Release|Any CPU = Release|Any CPU
	EndGlobalSection
	GlobalSection(ProjectConfigurationPlatforms) = postSolution
		{69E2F95C-F3B2-472A-AEA8-D4E7A6EBA4B8}.Debug|Any CPU.ActiveCfg = Debug|Any CPU
		{69E2F95C-F3B2-472A-AEA8-D4E7A6EBA4B8}.Debug|Any CPU.Build.0 = Debug|Any CPU
		{69E2F95C-F3B2-472A-AEA8-D4E7A6EBA4B8}.Release|Any CPU.ActiveCfg = Release|Any CPU
		{69E2F95C-F3B2-472A-AEA8-D4E7A6EBA4B8}.Release|Any CPU.Build.0 = Release|Any CPU
		{44325156-B627-46EA-9DB5-7B8BB9DA140C}.Debug|Any CPU.ActiveCfg = Debug|Any CPU
		{44325156-B627-46EA-9DB5-7B8BB9DA140C}.Debug|Any CPU.Build.0 = Debug|Any CPU
		{44325156-B627-46EA-9DB5-7B8BB9DA140C}.Release|Any CPU.ActiveCfg = Release|Any CPU
		{44325156-B627-46EA-9DB5-7B8BB9DA140C}.Release|Any CPU.Build.0 = Release|Any CPU
	EndGlobalSection
	GlobalSection(SolutionProperties) = preSolution
		HideSolutionNode = FALSE
	EndGlobalSection
	GlobalSection(ExtensibilityGlobals) = postSolution
		SolutionGuid = {42EDD6C6-AC30-421D-9FD2-CDCE720E2B1B}
	EndGlobalSection
EndGlobal
