
Microsoft Visual Studio Solution File, Format Version 12.00
# Visual Studio Version 16
VisualStudioVersion = 25.0.1705.2
MinimumVisualStudioVersion = 10.0.40219.1
Project("{FAE04EC0-301F-11D3-BF4B-00C04F79EFBC}") = "Hangman_In_Class", "Hangman_In_Class\Hangman_In_Class.csproj", "{EB53DCE7-F7AA-41B1-A628-CCF282E7C66A}"
EndProject
Global
	GlobalSection(SolutionConfigurationPlatforms) = preSolution
		Debug|Any CPU = Debug|Any CPU
		Release|Any CPU = Release|Any CPU
	EndGlobalSection
	GlobalSection(ProjectConfigurationPlatforms) = postSolution
		{EB53DCE7-F7AA-41B1-A628-CCF282E7C66A}.Debug|Any CPU.ActiveCfg = Debug|Any CPU
		{EB53DCE7-F7AA-41B1-A628-CCF282E7C66A}.Debug|Any CPU.Build.0 = Debug|Any CPU
		{EB53DCE7-F7AA-41B1-A628-CCF282E7C66A}.Release|Any CPU.ActiveCfg = Release|Any CPU
		{EB53DCE7-F7AA-41B1-A628-CCF282E7C66A}.Release|Any CPU.Build.0 = Release|Any CPU
	EndGlobalSection
	GlobalSection(SolutionProperties) = preSolution
		HideSolutionNode = FALSE
	EndGlobalSection
	GlobalSection(ExtensibilityGlobals) = postSolution
		SolutionGuid = {3CA376D5-5957-44A5-8F24-9F69711A42B2}
	EndGlobalSection
EndGlobal
