
Microsoft Visual Studio Solution File, Format Version 12.00
# Visual Studio Version 16
VisualStudioVersion = 25.0.1705.4
MinimumVisualStudioVersion = 10.0.40219.1
Project("{FAE04EC0-301F-11D3-BF4B-00C04F79EFBC}") = "InClassCoverageExamples", "InClassCoverageExamples\InClassCoverageExamples.csproj", "{73838F9B-8182-4CCA-A2CC-372AA9B0C6C7}"
EndProject
Project("{FAE04EC0-301F-11D3-BF4B-00C04F79EFBC}") = "TestProject1", "TestProject1\TestProject1.csproj", "{365C149B-5DBF-4EF5-8AD5-360A41A976EA}"
EndProject
Project("{FAE04EC0-301F-11D3-BF4B-00C04F79EFBC}") = "StackTests", "StackTests\StackTests.csproj", "{A1C038A7-640B-4214-8B69-D5B1456347E0}"
EndProject
Global
	GlobalSection(SolutionConfigurationPlatforms) = preSolution
		Debug|Any CPU = Debug|Any CPU
		Release|Any CPU = Release|Any CPU
	EndGlobalSection
	GlobalSection(ProjectConfigurationPlatforms) = postSolution
		{73838F9B-8182-4CCA-A2CC-372AA9B0C6C7}.Debug|Any CPU.ActiveCfg = Debug|Any CPU
		{73838F9B-8182-4CCA-A2CC-372AA9B0C6C7}.Debug|Any CPU.Build.0 = Debug|Any CPU
		{73838F9B-8182-4CCA-A2CC-372AA9B0C6C7}.Release|Any CPU.ActiveCfg = Release|Any CPU
		{73838F9B-8182-4CCA-A2CC-372AA9B0C6C7}.Release|Any CPU.Build.0 = Release|Any CPU
		{365C149B-5DBF-4EF5-8AD5-360A41A976EA}.Debug|Any CPU.ActiveCfg = Debug|Any CPU
		{365C149B-5DBF-4EF5-8AD5-360A41A976EA}.Debug|Any CPU.Build.0 = Debug|Any CPU
		{365C149B-5DBF-4EF5-8AD5-360A41A976EA}.Release|Any CPU.ActiveCfg = Release|Any CPU
		{365C149B-5DBF-4EF5-8AD5-360A41A976EA}.Release|Any CPU.Build.0 = Release|Any CPU
		{A1C038A7-640B-4214-8B69-D5B1456347E0}.Debug|Any CPU.ActiveCfg = Debug|Any CPU
		{A1C038A7-640B-4214-8B69-D5B1456347E0}.Debug|Any CPU.Build.0 = Debug|Any CPU
		{A1C038A7-640B-4214-8B69-D5B1456347E0}.Release|Any CPU.ActiveCfg = Release|Any CPU
		{A1C038A7-640B-4214-8B69-D5B1456347E0}.Release|Any CPU.Build.0 = Release|Any CPU
	EndGlobalSection
	GlobalSection(SolutionProperties) = preSolution
		HideSolutionNode = FALSE
	EndGlobalSection
	GlobalSection(ExtensibilityGlobals) = postSolution
		SolutionGuid = {92F13765-37DF-4A93-A056-ACD3224EB858}
	EndGlobalSection
EndGlobal
